// !$*UTF8*$!
{
	archiveVersion = 1;
	classes = {
	};
	objectVersion = 46;
	objects = {

/* Begin PBXBuildFile section */
		0A90C77316808EA600668002 /* AVFoundation.framework in Frameworks */ = {isa = PBXBuildFile; fileRef = 0A90C77216808EA600668002 /* AVFoundation.framework */; };
		0AFA7742166E0D570057FB4E /* NightAlarmViewController.m in Sources */ = {isa = PBXBuildFile; fileRef = 0AFA7740166E0D570057FB4E /* NightAlarmViewController.m */; };
		0AFA7743166E0D570057FB4E /* NightAlarmViewController.xib in Resources */ = {isa = PBXBuildFile; fileRef = 0AFA7741166E0D570057FB4E /* NightAlarmViewController.xib */; };
		C37F902816D8D9FC000AE793 /* exit_button.png in Resources */ = {isa = PBXBuildFile; fileRef = C37F902316D8D9FC000AE793 /* exit_button.png */; };
		C37F902916D8D9FC000AE793 /* flash_button.png in Resources */ = {isa = PBXBuildFile; fileRef = C37F902416D8D9FC000AE793 /* flash_button.png */; };
		C37F902A16D8D9FC000AE793 /* start.png in Resources */ = {isa = PBXBuildFile; fileRef = C37F902516D8D9FC000AE793 /* start.png */; };
		C37F902B16D8D9FC000AE793 /* task_1.png in Resources */ = {isa = PBXBuildFile; fileRef = C37F902616D8D9FC000AE793 /* task_1.png */; };
		C37F902C16D8D9FC000AE793 /* task_2.png in Resources */ = {isa = PBXBuildFile; fileRef = C37F902716D8D9FC000AE793 /* task_2.png */; };
		C37F903816D8ED17000AE793 /* Localizable.strings in Resources */ = {isa = PBXBuildFile; fileRef = C37F903A16D8ED17000AE793 /* Localizable.strings */; };
		C3803F95166D073800E78A2E /* UIKit.framework in Frameworks */ = {isa = PBXBuildFile; fileRef = C3803F94166D073800E78A2E /* UIKit.framework */; };
		C3803F97166D073800E78A2E /* Foundation.framework in Frameworks */ = {isa = PBXBuildFile; fileRef = C3803F96166D073800E78A2E /* Foundation.framework */; };
		C3803F99166D073800E78A2E /* CoreGraphics.framework in Frameworks */ = {isa = PBXBuildFile; fileRef = C3803F98166D073800E78A2E /* CoreGraphics.framework */; };
		C3803F9F166D073800E78A2E /* InfoPlist.strings in Resources */ = {isa = PBXBuildFile; fileRef = C3803F9D166D073800E78A2E /* InfoPlist.strings */; };
		C3803FA1166D073800E78A2E /* main.m in Sources */ = {isa = PBXBuildFile; fileRef = C3803FA0166D073800E78A2E /* main.m */; };
		C3803FA5166D073800E78A2E /* AppDelegate.m in Sources */ = {isa = PBXBuildFile; fileRef = C3803FA4166D073800E78A2E /* AppDelegate.m */; };
		C3803FAE166D073800E78A2E /* RootViewController.m in Sources */ = {isa = PBXBuildFile; fileRef = C3803FAD166D073800E78A2E /* RootViewController.m */; };
		C3803FB1166D073800E78A2E /* RootViewController.xib in Resources */ = {isa = PBXBuildFile; fileRef = C3803FAF166D073800E78A2E /* RootViewController.xib */; };
		C3803FBA166D083700E78A2E /* AlarmViewController.m in Sources */ = {isa = PBXBuildFile; fileRef = C3803FB8166D083700E78A2E /* AlarmViewController.m */; };
		C38134FC16DA19D9006B0373 /* background.jpg in Resources */ = {isa = PBXBuildFile; fileRef = C38134FB16DA19D8006B0373 /* background.jpg */; };
		C38134FE16DA1FE5006B0373 /* Default-568h@2x.png in Resources */ = {isa = PBXBuildFile; fileRef = C38134FD16DA1FE5006B0373 /* Default-568h@2x.png */; };
		C381350016DA2113006B0373 /* AlarmViewController.xib in Resources */ = {isa = PBXBuildFile; fileRef = C38134FF16DA2113006B0373 /* AlarmViewController.xib */; };
		F2DC6A6417CB435200951FB4 /* QuartzCore.framework in Frameworks */ = {isa = PBXBuildFile; fileRef = F2DC6A6317CB435200951FB4 /* QuartzCore.framework */; };
/* End PBXBuildFile section */

/* Begin PBXFileReference section */
		0A90C77216808EA600668002 /* AVFoundation.framework */ = {isa = PBXFileReference; lastKnownFileType = wrapper.framework; name = AVFoundation.framework; path = System/Library/Frameworks/AVFoundation.framework; sourceTree = SDKROOT; };
		0AFA7740166E0D570057FB4E /* NightAlarmViewController.m */ = {isa = PBXFileReference; fileEncoding = 4; lastKnownFileType = sourcecode.c.objc; path = NightAlarmViewController.m; sourceTree = "<group>"; };
		0AFA7741166E0D570057FB4E /* NightAlarmViewController.xib */ = {isa = PBXFileReference; fileEncoding = 4; lastKnownFileType = file.xib; path = NightAlarmViewController.xib; sourceTree = "<group>"; };
		C37E92A31688CE3A00E7CD5B /* NightAlarmViewController.h */ = {isa = PBXFileReference; fileEncoding = 4; lastKnownFileType = sourcecode.c.h; path = NightAlarmViewController.h; sourceTree = "<group>"; };
		C37F902316D8D9FC000AE793 /* exit_button.png */ = {isa = PBXFileReference; lastKnownFileType = image.png; path = exit_button.png; sourceTree = "<group>"; };
		C37F902416D8D9FC000AE793 /* flash_button.png */ = {isa = PBXFileReference; lastKnownFileType = image.png; path = flash_button.png; sourceTree = "<group>"; };
		C37F902516D8D9FC000AE793 /* start.png */ = {isa = PBXFileReference; lastKnownFileType = image.png; path = start.png; sourceTree = "<group>"; };
		C37F902616D8D9FC000AE793 /* task_1.png */ = {isa = PBXFileReference; lastKnownFileType = image.png; path = task_1.png; sourceTree = "<group>"; };
		C37F902716D8D9FC000AE793 /* task_2.png */ = {isa = PBXFileReference; lastKnownFileType = image.png; path = task_2.png; sourceTree = "<group>"; };
		C37F903916D8ED17000AE793 /* en */ = {isa = PBXFileReference; lastKnownFileType = text.plist.strings; name = en; path = en.lproj/Localizable.strings; sourceTree = "<group>"; };
		C3803F90166D073800E78A2E /* alarm_clock.app */ = {isa = PBXFileReference; explicitFileType = wrapper.application; includeInIndex = 0; path = alarm_clock.app; sourceTree = BUILT_PRODUCTS_DIR; };
		C3803F94166D073800E78A2E /* UIKit.framework */ = {isa = PBXFileReference; lastKnownFileType = wrapper.framework; name = UIKit.framework; path = System/Library/Frameworks/UIKit.framework; sourceTree = SDKROOT; };
		C3803F96166D073800E78A2E /* Foundation.framework */ = {isa = PBXFileReference; lastKnownFileType = wrapper.framework; name = Foundation.framework; path = System/Library/Frameworks/Foundation.framework; sourceTree = SDKROOT; };
		C3803F98166D073800E78A2E /* CoreGraphics.framework */ = {isa = PBXFileReference; lastKnownFileType = wrapper.framework; name = CoreGraphics.framework; path = System/Library/Frameworks/CoreGraphics.framework; sourceTree = SDKROOT; };
		C3803F9C166D073800E78A2E /* alarm_clock-Info.plist */ = {isa = PBXFileReference; lastKnownFileType = text.plist.xml; path = "alarm_clock-Info.plist"; sourceTree = "<group>"; };
		C3803F9E166D073800E78A2E /* en */ = {isa = PBXFileReference; lastKnownFileType = text.plist.strings; name = en; path = en.lproj/InfoPlist.strings; sourceTree = "<group>"; };
		C3803FA0166D073800E78A2E /* main.m */ = {isa = PBXFileReference; lastKnownFileType = sourcecode.c.objc; path = main.m; sourceTree = "<group>"; };
		C3803FA2166D073800E78A2E /* alarm_clock-Prefix.pch */ = {isa = PBXFileReference; lastKnownFileType = sourcecode.c.h; path = "alarm_clock-Prefix.pch"; sourceTree = "<group>"; };
		C3803FA3166D073800E78A2E /* AppDelegate.h */ = {isa = PBXFileReference; lastKnownFileType = sourcecode.c.h; path = AppDelegate.h; sourceTree = "<group>"; };
		C3803FA4166D073800E78A2E /* AppDelegate.m */ = {isa = PBXFileReference; lastKnownFileType = sourcecode.c.objc; path = AppDelegate.m; sourceTree = "<group>"; };
		C3803FAC166D073800E78A2E /* RootViewController.h */ = {isa = PBXFileReference; lastKnownFileType = sourcecode.c.h; path = RootViewController.h; sourceTree = "<group>"; };
		C3803FAD166D073800E78A2E /* RootViewController.m */ = {isa = PBXFileReference; lastKnownFileType = sourcecode.c.objc; path = RootViewController.m; sourceTree = "<group>"; };
		C3803FB0166D073800E78A2E /* en */ = {isa = PBXFileReference; lastKnownFileType = file.xib; name = en; path = en.lproj/RootViewController.xib; sourceTree = "<group>"; };
		C3803FB7166D083700E78A2E /* AlarmViewController.h */ = {isa = PBXFileReference; fileEncoding = 4; lastKnownFileType = sourcecode.c.h; path = AlarmViewController.h; sourceTree = "<group>"; };
		C3803FB8166D083700E78A2E /* AlarmViewController.m */ = {isa = PBXFileReference; fileEncoding = 4; lastKnownFileType = sourcecode.c.objc; path = AlarmViewController.m; sourceTree = "<group>"; };
		C38134FB16DA19D8006B0373 /* background.jpg */ = {isa = PBXFileReference; lastKnownFileType = image.jpeg; path = background.jpg; sourceTree = "<group>"; };
		C38134FD16DA1FE5006B0373 /* Default-568h@2x.png */ = {isa = PBXFileReference; lastKnownFileType = image.png; name = "Default-568h@2x.png"; path = "../../Default-568h@2x.png"; sourceTree = "<group>"; };
		C38134FF16DA2113006B0373 /* AlarmViewController.xib */ = {isa = PBXFileReference; fileEncoding = 4; lastKnownFileType = file.xib; path = AlarmViewController.xib; sourceTree = "<group>"; };
		F2DC6A6317CB435200951FB4 /* QuartzCore.framework */ = {isa = PBXFileReference; lastKnownFileType = wrapper.framework; name = QuartzCore.framework; path = System/Library/Frameworks/QuartzCore.framework; sourceTree = SDKROOT; };
/* End PBXFileReference section */

/* Begin PBXFrameworksBuildPhase section */
		C3803F8D166D073800E78A2E /* Frameworks */ = {
			isa = PBXFrameworksBuildPhase;
			buildActionMask = 2147483647;
			files = (
				F2DC6A6417CB435200951FB4 /* QuartzCore.framework in Frameworks */,
				0A90C77316808EA600668002 /* AVFoundation.framework in Frameworks */,
				C3803F95166D073800E78A2E /* UIKit.framework in Frameworks */,
				C3803F97166D073800E78A2E /* Foundation.framework in Frameworks */,
				C3803F99166D073800E78A2E /* CoreGraphics.framework in Frameworks */,
			);
			runOnlyForDeploymentPostprocessing = 0;
		};
/* End PBXFrameworksBuildPhase section */

/* Begin PBXGroup section */
		C37F902216D8D9FC000AE793 /* image */ = {
			isa = PBXGroup;
			children = (
				C38134FD16DA1FE5006B0373 /* Default-568h@2x.png */,
				C38134FB16DA19D8006B0373 /* background.jpg */,
				C37F902316D8D9FC000AE793 /* exit_button.png */,
				C37F902416D8D9FC000AE793 /* flash_button.png */,
				C37F902516D8D9FC000AE793 /* start.png */,
				C37F902616D8D9FC000AE793 /* task_1.png */,
				C37F902716D8D9FC000AE793 /* task_2.png */,
			);
			name = image;
			path = ios_image;
			sourceTree = "<group>";
		};
		C3803F85166D073800E78A2E = {
			isa = PBXGroup;
			children = (
				C3803F9A166D073800E78A2E /* alarm_clock */,
				C3803F93166D073800E78A2E /* Frameworks */,
				C3803F91166D073800E78A2E /* Products */,
			);
			sourceTree = "<group>";
		};
		C3803F91166D073800E78A2E /* Products */ = {
			isa = PBXGroup;
			children = (
				C3803F90166D073800E78A2E /* alarm_clock.app */,
			);
			name = Products;
			sourceTree = "<group>";
		};
		C3803F93166D073800E78A2E /* Frameworks */ = {
			isa = PBXGroup;
			children = (
				F2DC6A6317CB435200951FB4 /* QuartzCore.framework */,
				0A90C77216808EA600668002 /* AVFoundation.framework */,
				C3803F94166D073800E78A2E /* UIKit.framework */,
				C3803F96166D073800E78A2E /* Foundation.framework */,
				C3803F98166D073800E78A2E /* CoreGraphics.framework */,
			);
			name = Frameworks;
			sourceTree = "<group>";
		};
		C3803F9A166D073800E78A2E /* alarm_clock */ = {
			isa = PBXGroup;
			children = (
				C3803FA3166D073800E78A2E /* AppDelegate.h */,
				C3803FA4166D073800E78A2E /* AppDelegate.m */,
				C3803FAC166D073800E78A2E /* RootViewController.h */,
				C3803FAD166D073800E78A2E /* RootViewController.m */,
				C3803FAF166D073800E78A2E /* RootViewController.xib */,
				C3803FB7166D083700E78A2E /* AlarmViewController.h */,
				C3803FB8166D083700E78A2E /* AlarmViewController.m */,
				C38134FF16DA2113006B0373 /* AlarmViewController.xib */,
				C37E92A31688CE3A00E7CD5B /* NightAlarmViewController.h */,
				0AFA7740166E0D570057FB4E /* NightAlarmViewController.m */,
				0AFA7741166E0D570057FB4E /* NightAlarmViewController.xib */,
				C3803F9B166D073800E78A2E /* Supporting Files */,
			);
			path = alarm_clock;
			sourceTree = "<group>";
		};
		C3803F9B166D073800E78A2E /* Supporting Files */ = {
			isa = PBXGroup;
			children = (
				C37F902216D8D9FC000AE793 /* image */,
				C3803F9C166D073800E78A2E /* alarm_clock-Info.plist */,
				C3803F9D166D073800E78A2E /* InfoPlist.strings */,
				C3803FA0166D073800E78A2E /* main.m */,
				C3803FA2166D073800E78A2E /* alarm_clock-Prefix.pch */,
				C37F903A16D8ED17000AE793 /* Localizable.strings */,
			);
			name = "Supporting Files";
			sourceTree = "<group>";
		};
/* End PBXGroup section */

/* Begin PBXNativeTarget section */
		C3803F8F166D073800E78A2E /* alarm_clock */ = {
			isa = PBXNativeTarget;
			buildConfigurationList = C3803FB4166D073800E78A2E /* Build configuration list for PBXNativeTarget "alarm_clock" */;
			buildPhases = (
				C3803F8C166D073800E78A2E /* Sources */,
				C3803F8D166D073800E78A2E /* Frameworks */,
				C3803F8E166D073800E78A2E /* Resources */,
			);
			buildRules = (
			);
			dependencies = (
			);
			name = alarm_clock;
			productName = alarm_clock;
			productReference = C3803F90166D073800E78A2E /* alarm_clock.app */;
			productType = "com.apple.product-type.application";
		};
/* End PBXNativeTarget section */

/* Begin PBXProject section */
		C3803F87166D073800E78A2E /* Project object */ = {
			isa = PBXProject;
			attributes = {
				LastUpgradeCheck = 0450;
				ORGANIZATIONNAME = "Администратор";
			};
			buildConfigurationList = C3803F8A166D073800E78A2E /* Build configuration list for PBXProject "alarm_clock" */;
			compatibilityVersion = "Xcode 3.2";
			developmentRegion = English;
			hasScannedForEncodings = 0;
			knownRegions = (
				en,
				ru,
			);
			mainGroup = C3803F85166D073800E78A2E;
			productRefGroup = C3803F91166D073800E78A2E /* Products */;
			projectDirPath = "";
			projectRoot = "";
			targets = (
				C3803F8F166D073800E78A2E /* alarm_clock */,
			);
		};
/* End PBXProject section */

/* Begin PBXResourcesBuildPhase section */
		C3803F8E166D073800E78A2E /* Resources */ = {
			isa = PBXResourcesBuildPhase;
			buildActionMask = 2147483647;
			files = (
				C3803F9F166D073800E78A2E /* InfoPlist.strings in Resources */,
				C3803FB1166D073800E78A2E /* RootViewController.xib in Resources */,
				0AFA7743166E0D570057FB4E /* NightAlarmViewController.xib in Resources */,
				C37F902816D8D9FC000AE793 /* exit_button.png in Resources */,
				C37F902916D8D9FC000AE793 /* flash_button.png in Resources */,
				C37F902A16D8D9FC000AE793 /* start.png in Resources */,
				C37F902B16D8D9FC000AE793 /* task_1.png in Resources */,
				C37F902C16D8D9FC000AE793 /* task_2.png in Resources */,
				C37F903816D8ED17000AE793 /* Localizable.strings in Resources */,
				C38134FC16DA19D9006B0373 /* background.jpg in Resources */,
				C38134FE16DA1FE5006B0373 /* Default-568h@2x.png in Resources */,
				C381350016DA2113006B0373 /* AlarmViewController.xib in Resources */,
			);
			runOnlyForDeploymentPostprocessing = 0;
		};
/* End PBXResourcesBuildPhase section */

/* Begin PBXSourcesBuildPhase section */
		C3803F8C166D073800E78A2E /* Sources */ = {
			isa = PBXSourcesBuildPhase;
			buildActionMask = 2147483647;
			files = (
				C3803FA1166D073800E78A2E /* main.m in Sources */,
				C3803FA5166D073800E78A2E /* AppDelegate.m in Sources */,
				C3803FAE166D073800E78A2E /* RootViewController.m in Sources */,
				C3803FBA166D083700E78A2E /* AlarmViewController.m in Sources */,
				0AFA7742166E0D570057FB4E /* NightAlarmViewController.m in Sources */,
			);
			runOnlyForDeploymentPostprocessing = 0;
		};
/* End PBXSourcesBuildPhase section */

/* Begin PBXVariantGroup section */
		C37F903A16D8ED17000AE793 /* Localizable.strings */ = {
			isa = PBXVariantGroup;
			children = (
				C37F903916D8ED17000AE793 /* en */,
			);
			name = Localizable.strings;
			sourceTree = "<group>";
		};
		C3803F9D166D073800E78A2E /* InfoPlist.strings */ = {
			isa = PBXVariantGroup;
			children = (
				C3803F9E166D073800E78A2E /* en */,
			);
			name = InfoPlist.strings;
			sourceTree = "<group>";
		};
		C3803FAF166D073800E78A2E /* RootViewController.xib */ = {
			isa = PBXVariantGroup;
			children = (
				C3803FB0166D073800E78A2E /* en */,
			);
			name = RootViewController.xib;
			sourceTree = "<group>";
		};
/* End PBXVariantGroup section */

/* Begin XCBuildConfiguration section */
		C3803FB2166D073800E78A2E /* Debug */ = {
			isa = XCBuildConfiguration;
			buildSettings = {
				ALWAYS_SEARCH_USER_PATHS = NO;
				CLANG_CXX_LANGUAGE_STANDARD = "gnu++0x";
				CLANG_CXX_LIBRARY = "libc++";
				CLANG_WARN_EMPTY_BODY = YES;
				CLANG_WARN__DUPLICATE_METHOD_MATCH = YES;
				"CODE_SIGN_IDENTITY[sdk=iphoneos*]" = "iPhone Developer";
				COPY_PHASE_STRIP = NO;
				GCC_C_LANGUAGE_STANDARD = gnu99;
				GCC_DYNAMIC_NO_PIC = NO;
				GCC_OPTIMIZATION_LEVEL = 0;
				GCC_PREPROCESSOR_DEFINITIONS = (
					"DEBUG=1",
					"$(inherited)",
				);
				GCC_SYMBOLS_PRIVATE_EXTERN = NO;
				GCC_WARN_ABOUT_RETURN_TYPE = YES;
				GCC_WARN_UNINITIALIZED_AUTOS = YES;
				GCC_WARN_UNUSED_VARIABLE = YES;
				IPHONEOS_DEPLOYMENT_TARGET = 6.0;
				ONLY_ACTIVE_ARCH = YES;
				SDKROOT = iphoneos;
			};
			name = Debug;
		};
		C3803FB3166D073800E78A2E /* Release */ = {
			isa = XCBuildConfiguration;
			buildSettings = {
				ALWAYS_SEARCH_USER_PATHS = NO;
				CLANG_CXX_LANGUAGE_STANDARD = "gnu++0x";
				CLANG_CXX_LIBRARY = "libc++";
				CLANG_WARN_EMPTY_BODY = YES;
				CLANG_WARN__DUPLICATE_METHOD_MATCH = YES;
				"CODE_SIGN_IDENTITY[sdk=iphoneos*]" = "iPhone Developer";
				COPY_PHASE_STRIP = YES;
				GCC_C_LANGUAGE_STANDARD = gnu99;
				GCC_WARN_ABOUT_RETURN_TYPE = YES;
				GCC_WARN_UNINITIALIZED_AUTOS = YES;
				GCC_WARN_UNUSED_VARIABLE = YES;
				IPHONEOS_DEPLOYMENT_TARGET = 6.0;
				OTHER_CFLAGS = "-DNS_BLOCK_ASSERTIONS=1";
				SDKROOT = iphoneos;
				VALIDATE_PRODUCT = YES;
			};
			name = Release;
		};
		C3803FB5166D073800E78A2E /* Debug */ = {
			isa = XCBuildConfiguration;
			buildSettings = {
				GCC_PRECOMPILE_PREFIX_HEADER = YES;
				GCC_PREFIX_HEADER = "alarm_clock/alarm_clock-Prefix.pch";
				INFOPLIST_FILE = "alarm_clock/alarm_clock-Info.plist";
				PRODUCT_NAME = "$(TARGET_NAME)";
				WRAPPER_EXTENSION = app;
			};
			name = Debug;
		};
		C3803FB6166D073800E78A2E /* Release */ = {
			isa = XCBuildConfiguration;
			buildSettings = {
				GCC_PRECOMPILE_PREFIX_HEADER = YES;
				GCC_PREFIX_HEADER = "alarm_clock/alarm_clock-Prefix.pch";
				INFOPLIST_FILE = "alarm_clock/alarm_clock-Info.plist";
				PRODUCT_NAME = "$(TARGET_NAME)";
				WRAPPER_EXTENSION = app;
			};
			name = Release;
		};
/* End XCBuildConfiguration section */

/* Begin XCConfigurationList section */
		C3803F8A166D073800E78A2E /* Build configuration list for PBXProject "alarm_clock" */ = {
			isa = XCConfigurationList;
			buildConfigurations = (
				C3803FB2166D073800E78A2E /* Debug */,
				C3803FB3166D073800E78A2E /* Release */,
			);
			defaultConfigurationIsVisible = 0;
			defaultConfigurationName = Release;
		};
		C3803FB4166D073800E78A2E /* Build configuration list for PBXNativeTarget "alarm_clock" */ = {
			isa = XCConfigurationList;
			buildConfigurations = (
				C3803FB5166D073800E78A2E /* Debug */,
				C3803FB6166D073800E78A2E /* Release */,
			);
			defaultConfigurationIsVisible = 0;
			defaultConfigurationName = Release;
		};
/* End XCConfigurationList section */
	};
	rootObject = C3803F87166D073800E78A2E /* Project object */;
}
